// !$*UTF8*$!
{
	archiveVersion = 1;
	classes = {
	};
	objectVersion = 46;
	objects = {

/* Begin PBXBuildFile section */
		557F42781CBD7372000DBBCD /* AppDelegate.swift in Sources */ = {isa = PBXBuildFile; fileRef = 557F42771CBD7372000DBBCD /* AppDelegate.swift */; };
		557F427A1CBD7372000DBBCD /* ViewController.swift in Sources */ = {isa = PBXBuildFile; fileRef = 557F42791CBD7372000DBBCD /* ViewController.swift */; };
		557F427D1CBD7372000DBBCD /* Main.storyboard in Resources */ = {isa = PBXBuildFile; fileRef = 557F427B1CBD7372000DBBCD /* Main.storyboard */; };
		557F42801CBD7372000DBBCD /* myDevices.xcdatamodeld in Sources */ = {isa = PBXBuildFile; fileRef = 557F427E1CBD7372000DBBCD /* myDevices.xcdatamodeld */; };
		557F42821CBD7372000DBBCD /* Assets.xcassets in Resources */ = {isa = PBXBuildFile; fileRef = 557F42811CBD7372000DBBCD /* Assets.xcassets */; };
		557F42851CBD7372000DBBCD /* LaunchScreen.storyboard in Resources */ = {isa = PBXBuildFile; fileRef = 557F42831CBD7372000DBBCD /* LaunchScreen.storyboard */; };
/* End PBXBuildFile section */

/* Begin PBXFileReference section */
		557F42741CBD7372000DBBCD /* myDevices.app */ = {isa = PBXFileReference; explicitFileType = wrapper.application; includeInIndex = 0; path = myDevices.app; sourceTree = BUILT_PRODUCTS_DIR; };
		557F42771CBD7372000DBBCD /* AppDelegate.swift */ = {isa = PBXFileReference; lastKnownFileType = sourcecode.swift; path = AppDelegate.swift; sourceTree = "<group>"; };
		557F42791CBD7372000DBBCD /* ViewController.swift */ = {isa = PBXFileReference; lastKnownFileType = sourcecode.swift; path = ViewController.swift; sourceTree = "<group>"; };
		557F427C1CBD7372000DBBCD /* Base */ = {isa = PBXFileReference; lastKnownFileType = file.storyboard; name = Base; path = Base.lproj/Main.storyboard; sourceTree = "<group>"; };
		557F427F1CBD7372000DBBCD /* myDevices.xcdatamodel */ = {isa = PBXFileReference; lastKnownFileType = wrapper.xcdatamodel; path = myDevices.xcdatamodel; sourceTree = "<group>"; };
		557F42811CBD7372000DBBCD /* Assets.xcassets */ = {isa = PBXFileReference; lastKnownFileType = folder.assetcatalog; path = Assets.xcassets; sourceTree = "<group>"; };
		557F42841CBD7372000DBBCD /* Base */ = {isa = PBXFileReference; lastKnownFileType = file.storyboard; name = Base; path = Base.lproj/LaunchScreen.storyboard; sourceTree = "<group>"; };
		557F42861CBD7372000DBBCD /* Info.plist */ = {isa = PBXFileReference; lastKnownFileType = text.plist.xml; path = Info.plist; sourceTree = "<group>"; };
/* End PBXFileReference section */

/* Begin PBXFrameworksBuildPhase section */
		557F42711CBD7372000DBBCD /* Frameworks */ = {
			isa = PBXFrameworksBuildPhase;
			buildActionMask = 2147483647;
			files = (
			);
			runOnlyForDeploymentPostprocessing = 0;
		};
/* End PBXFrameworksBuildPhase section */

/* Begin PBXGroup section */
		557F426B1CBD7372000DBBCD = {
			isa = PBXGroup;
			children = (
				557F42761CBD7372000DBBCD /* myDevices */,
				557F42751CBD7372000DBBCD /* Products */,
			);
			sourceTree = "<group>";
		};
		557F42751CBD7372000DBBCD /* Products */ = {
			isa = PBXGroup;
			children = (
				557F42741CBD7372000DBBCD /* myDevices.app */,
			);
			name = Products;
			sourceTree = "<group>";
		};
		557F42761CBD7372000DBBCD /* myDevices */ = {
			isa = PBXGroup;
			children = (
				557F42771CBD7372000DBBCD /* AppDelegate.swift */,
				557F42791CBD7372000DBBCD /* ViewController.swift */,
				557F427B1CBD7372000DBBCD /* Main.storyboard */,
				557F42811CBD7372000DBBCD /* Assets.xcassets */,
				557F42831CBD7372000DBBCD /* LaunchScreen.storyboard */,
				557F42861CBD7372000DBBCD /* Info.plist */,
				557F427E1CBD7372000DBBCD /* myDevices.xcdatamodeld */,
			);
			path = myDevices;
			sourceTree = "<group>";
		};
/* End PBXGroup section */

/* Begin PBXNativeTarget section */
		557F42731CBD7372000DBBCD /* myDevices */ = {
			isa = PBXNativeTarget;
			buildConfigurationList = 557F42891CBD7372000DBBCD /* Build configuration list for PBXNativeTarget "myDevices" */;
			buildPhases = (
				557F42701CBD7372000DBBCD /* Sources */,
				557F42711CBD7372000DBBCD /* Frameworks */,
				557F42721CBD7372000DBBCD /* Resources */,
			);
			buildRules = (
			);
			dependencies = (
			);
			name = myDevices;
			productName = myDevices;
			productReference = 557F42741CBD7372000DBBCD /* myDevices.app */;
			productType = "com.apple.product-type.application";
		};
/* End PBXNativeTarget section */

/* Begin PBXProject section */
		557F426C1CBD7372000DBBCD /* Project object */ = {
			isa = PBXProject;
			attributes = {
				LastSwiftUpdateCheck = 0730;
				LastUpgradeCheck = 0730;
				ORGANIZATIONNAME = "Dave Rothschild";
				TargetAttributes = {
					557F42731CBD7372000DBBCD = {
						CreatedOnToolsVersion = 7.3;
					};
				};
			};
			buildConfigurationList = 557F426F1CBD7372000DBBCD /* Build configuration list for PBXProject "myDevices" */;
			compatibilityVersion = "Xcode 3.2";
			developmentRegion = English;
			hasScannedForEncodings = 0;
			knownRegions = (
				en,
				Base,
			);
			mainGroup = 557F426B1CBD7372000DBBCD;
			productRefGroup = 557F42751CBD7372000DBBCD /* Products */;
			projectDirPath = "";
			projectRoot = "";
			targets = (
				557F42731CBD7372000DBBCD /* myDevices */,
			);
		};
/* End PBXProject section */

/* Begin PBXResourcesBuildPhase section */
		557F42721CBD7372000DBBCD /* Resources */ = {
			isa = PBXResourcesBuildPhase;
			buildActionMask = 2147483647;
			files = (
				557F42851CBD7372000DBBCD /* LaunchScreen.storyboard in Resources */,
				557F42821CBD7372000DBBCD /* Assets.xcassets in Resources */,
				557F427D1CBD7372000DBBCD /* Main.storyboard in Resources */,
			);
			runOnlyForDeploymentPostprocessing = 0;
		};
/* End PBXResourcesBuildPhase section */

/* Begin PBXSourcesBuildPhase section */
		557F42701CBD7372000DBBCD /* Sources */ = {
			isa = PBXSourcesBuildPhase;
			buildActionMask = 2147483647;
			files = (
				557F427A1CBD7372000DBBCD /* ViewController.swift in Sources */,
				557F42801CBD7372000DBBCD /* myDevices.xcdatamodeld in Sources */,
				557F42781CBD7372000DBBCD /* AppDelegate.swift in Sources */,
			);
			runOnlyForDeploymentPostprocessing = 0;
		};
/* End PBXSourcesBuildPhase section */

/* Begin PBXVariantGroup section */
		557F427B1CBD7372000DBBCD /* Main.storyboard */ = {
			isa = PBXVariantGroup;
			children = (
				557F427C1CBD7372000DBBCD /* Base */,
			);
			name = Main.storyboard;
			sourceTree = "<group>";
		};
		557F42831CBD7372000DBBCD /* LaunchScreen.storyboard */ = {
			isa = PBXVariantGroup;
			children = (
				557F42841CBD7372000DBBCD /* Base */,
			);
			name = LaunchScreen.storyboard;
			sourceTree = "<group>";
		};
/* End PBXVariantGroup section */

/* Begin XCBuildConfiguration section */
		557F42871CBD7372000DBBCD /* Debug */ = {
			isa = XCBuildConfiguration;
			buildSettings = {
				ALWAYS_SEARCH_USER_PATHS = NO;
				CLANG_ANALYZER_NONNULL = YES;
				CLANG_CXX_LANGUAGE_STANDARD = "gnu++0x";
				CLANG_CXX_LIBRARY = "libc++";
				CLANG_ENABLE_MODULES = YES;
				CLANG_ENABLE_OBJC_ARC = YES;
				CLANG_WARN_BOOL_CONVERSION = YES;
				CLANG_WARN_CONSTANT_CONVERSION = YES;
				CLANG_WARN_DIRECT_OBJC_ISA_USAGE = YES_ERROR;
				CLANG_WARN_EMPTY_BODY = YES;
				CLANG_WARN_ENUM_CONVERSION = YES;
				CLANG_WARN_INT_CONVERSION = YES;
				CLANG_WARN_OBJC_ROOT_CLASS = YES_ERROR;
				CLANG_WARN_UNREACHABLE_CODE = YES;
				CLANG_WARN__DUPLICATE_METHOD_MATCH = YES;
				"CODE_SIGN_IDENTITY[sdk=iphoneos*]" = "iPhone Developer";
				COPY_PHASE_STRIP = NO;
				DEBUG_INFORMATION_FORMAT = dwarf;
				ENABLE_STRICT_OBJC_MSGSEND = YES;
				ENABLE_TESTABILITY = YES;
				GCC_C_LANGUAGE_STANDARD = gnu99;
				GCC_DYNAMIC_NO_PIC = NO;
				GCC_NO_COMMON_BLOCKS = YES;
				GCC_OPTIMIZATION_LEVEL = 0;
				GCC_PREPROCESSOR_DEFINITIONS = (
					"DEBUG=1",
					"$(inherited)",
				);
				GCC_WARN_64_TO_32_BIT_CONVERSION = YES;
				GCC_WARN_ABOUT_RETURN_TYPE = YES_ERROR;
				GCC_WARN_UNDECLARED_SELECTOR = YES;
				GCC_WARN_UNINITIALIZED_AUTOS = YES_AGGRESSIVE;
				GCC_WARN_UNUSED_FUNCTION = YES;
				GCC_WARN_UNUSED_VARIABLE = YES;
				IPHONEOS_DEPLOYMENT_TARGET = 9.3;
				MTL_ENABLE_DEBUG_INFO = YES;
				ONLY_ACTIVE_ARCH = YES;
				SDKROOT = iphoneos;
				SWIFT_OPTIMIZATION_LEVEL = "-Onone";
			};
			name = Debug;
		};
		557F42881CBD7372000DBBCD /* Release */ = {
			isa = XCBuildConfiguration;
			buildSettings = {
				ALWAYS_SEARCH_USER_PATHS = NO;
				CLANG_ANALYZER_NONNULL = YES;
				CLANG_CXX_LANGUAGE_STANDARD = "gnu++0x";
				CLANG_CXX_LIBRARY = "libc++";
				CLANG_ENABLE_MODULES = YES;
				CLANG_ENABLE_OBJC_ARC = YES;
				CLANG_WARN_BOOL_CONVERSION = YES;
				CLANG_WARN_CONSTANT_CONVERSION = YES;
				CLANG_WARN_DIRECT_OBJC_ISA_USAGE = YES_ERROR;
				CLANG_WARN_EMPTY_BODY = YES;
				CLANG_WARN_ENUM_CONVERSION = YES;
				CLANG_WARN_INT_CONVERSION = YES;
				CLANG_WARN_OBJC_ROOT_CLASS = YES_ERROR;
				CLANG_WARN_UNREACHABLE_CODE = YES;
				CLANG_WARN__DUPLICATE_METHOD_MATCH = YES;
				"CODE_SIGN_IDENTITY[sdk=iphoneos*]" = "iPhone Developer";
				COPY_PHASE_STRIP = NO;
				DEBUG_INFORMATION_FORMAT = "dwarf-with-dsym";
				ENABLE_NS_ASSERTIONS = NO;
				ENABLE_STRICT_OBJC_MSGSEND = YES;
				GCC_C_LANGUAGE_STANDARD = gnu99;
				GCC_NO_COMMON_BLOCKS = YES;
				GCC_WARN_64_TO_32_BIT_CONVERSION = YES;
				GCC_WARN_ABOUT_RETURN_TYPE = YES_ERROR;
				GCC_WARN_UNDECLARED_SELECTOR = YES;
				GCC_WARN_UNINITIALIZED_AUTOS = YES_AGGRESSIVE;
				GCC_WARN_UNUSED_FUNCTION = YES;
				GCC_WARN_UNUSED_VARIABLE = YES;
				IPHONEOS_DEPLOYMENT_TARGET = 9.3;
				MTL_ENABLE_DEBUG_INFO = NO;
				SDKROOT = iphoneos;
				VALIDATE_PRODUCT = YES;
			};
			name = Release;
		};
		557F428A1CBD7372000DBBCD /* Debug */ = {
			isa = XCBuildConfiguration;
			buildSettings = {
				ASSETCATALOG_COMPILER_APPICON_NAME = AppIcon;
				INFOPLIST_FILE = myDevices/Info.plist;
				LD_RUNPATH_SEARCH_PATHS = "$(inherited) @executable_path/Frameworks";
				PRODUCT_BUNDLE_IDENTIFIER = com.daverothschild.myDevices;
				PRODUCT_NAME = "$(TARGET_NAME)";
			};
			name = Debug;
		};
		557F428B1CBD7372000DBBCD /* Release */ = {
			isa = XCBuildConfiguration;
			buildSettings = {
				ASSETCATALOG_COMPILER_APPICON_NAME = AppIcon;
				INFOPLIST_FILE = myDevices/Info.plist;
				LD_RUNPATH_SEARCH_PATHS = "$(inherited) @executable_path/Frameworks";
				PRODUCT_BUNDLE_IDENTIFIER = com.daverothschild.myDevices;
				PRODUCT_NAME = "$(TARGET_NAME)";
			};
			name = Release;
		};
/* End XCBuildConfiguration section */

/* Begin XCConfigurationList section */
		557F426F1CBD7372000DBBCD /* Build configuration list for PBXProject "myDevices" */ = {
			isa = XCConfigurationList;
			buildConfigurations = (
				557F42871CBD7372000DBBCD /* Debug */,
				557F42881CBD7372000DBBCD /* Release */,
			);
			defaultConfigurationIsVisible = 0;
			defaultConfigurationName = Release;
		};
		557F42891CBD7372000DBBCD /* Build configuration list for PBXNativeTarget "myDevices" */ = {
			isa = XCConfigurationList;
			buildConfigurations = (
				557F428A1CBD7372000DBBCD /* Debug */,
				557F428B1CBD7372000DBBCD /* Release */,
			);
			defaultConfigurationIsVisible = 0;
		};
/* End XCConfigurationList section */

/* Begin XCVersionGroup section */
		557F427E1CBD7372000DBBCD /* myDevices.xcdatamodeld */ = {
			isa = XCVersionGroup;
			children = (
				557F427F1CBD7372000DBBCD /* myDevices.xcdatamodel */,
			);
			currentVersion = 557F427F1CBD7372000DBBCD /* myDevices.xcdatamodel */;
			path = myDevices.xcdatamodeld;
			sourceTree = "<group>";
			versionGroupType = wrapper.xcdatamodel;
		};
/* End XCVersionGroup section */
	};
	rootObject = 557F426C1CBD7372000DBBCD /* Project object */;
}
